PODS:
  - Alamofire (4.7.2)
  - BarcodeScanner (4.1.3)
  - Bolts (1.9.0):
    - Bolts/AppLinks (= 1.9.0)
    - Bolts/Tasks (= 1.9.0)
  - Bolts/AppLinks (1.9.0):
    - Bolts/Tasks
  - Bolts/Tasks (1.9.0)
  - FBSDKCoreKit (4.32.0):
    - Bolts (~> 1.7)
  - FBSDKLoginKit (4.32.0):
    - FBSDKCoreKit
  - FSPagerView (0.7.1)
  - GoogleMaps (2.7.0):
    - GoogleMaps/Maps (= 2.7.0)
  - GoogleMaps/Base (2.7.0)
  - GoogleMaps/Maps (2.7.0):
    - GoogleMaps/Base
  - GooglePlaces (2.7.0):
    - GoogleMaps/Base (= 2.7.0)
  - GoogleSignIn (4.1.2):
    - "GoogleToolboxForMac/NSDictionary+URLArguments (~> 2.1)"
    - "GoogleToolboxForMac/NSString+URLArguments (~> 2.1)"
    - GTMOAuth2 (~> 1.0)
    - GTMSessionFetcher/Core (~> 1.1)
  - GoogleToolboxForMac/DebugUtils (2.1.3):
    - GoogleToolboxForMac/Defines (= 2.1.3)
  - GoogleToolboxForMac/Defines (2.1.3)
  - "GoogleToolboxForMac/NSDictionary+URLArguments (2.1.3)":
    - GoogleToolboxForMac/DebugUtils (= 2.1.3)
    - GoogleToolboxForMac/Defines (= 2.1.3)
    - "GoogleToolboxForMac/NSString+URLArguments (= 2.1.3)"
  - "GoogleToolboxForMac/NSString+URLArguments (2.1.3)"
  - GTMOAuth2 (1.1.6):
    - GTMSessionFetcher (~> 1.1)
  - GTMSessionFetcher (1.1.15):
    - GTMSessionFetcher/Full (= 1.1.15)
  - GTMSessionFetcher/Core (1.1.15)
  - GTMSessionFetcher/Full (1.1.15):
    - GTMSessionFetcher/Core (= 1.1.15)
  - HockeySDK (5.1.2):
    - HockeySDK/DefaultLib (= 5.1.2)
  - HockeySDK/DefaultLib (5.1.2)
  - JTMaterialTransition (2.0.1)
  - SDWebImage (4.3.3):
    - SDWebImage/Core (= 4.3.3)
  - SDWebImage/Core (4.3.3)
  - Spring (1.0.5)
  - SVProgressHUD (2.2.5)
  - TextFieldEffects (1.4.0)
  - TTGSnackbar (1.7.3)
  - TwitterCore (3.1.0)
  - TwitterKit (3.3.0):
    - TwitterCore (>= 3.1.0)

DEPENDENCIES:
  - Alamofire
  - BarcodeScanner
  - FBSDKCoreKit
  - FBSDKLoginKit
  - FSPagerView
  - GoogleMaps
  - GooglePlaces
  - GoogleSignIn
  - HockeySDK (~> 5.1.2)
  - JTMaterialTransition
  - SDWebImage
  - Spring (from `https://github.com/MengTo/Spring.git`)
  - SVProgressHUD
  - TextFieldEffects
  - TTGSnackbar
  - TwitterKit

SPEC REPOS:
  https://github.com/CocoaPods/Specs.git:
    - Alamofire
    - BarcodeScanner
    - Bolts
    - FBSDKCoreKit
    - FBSDKLoginKit
    - FSPagerView
    - GoogleMaps
    - GooglePlaces
    - GoogleSignIn
    - GoogleToolboxForMac
    - GTMOAuth2
    - GTMSessionFetcher
    - HockeySDK
    - JTMaterialTransition
    - SDWebImage
    - SVProgressHUD
    - TextFieldEffects
    - TTGSnackbar
    - TwitterCore
    - TwitterKit

EXTERNAL SOURCES:
  Spring:
    :git: https://github.com/MengTo/Spring.git

CHECKOUT OPTIONS:
  Spring:
    :commit: c540239f3590bbaf4a35c3959c329dd5ed4e3eee
    :git: https://github.com/MengTo/Spring.git

SPEC CHECKSUMS:
  Alamofire: e4fa87002c137ba2d8d634d2c51fabcda0d5c223
  BarcodeScanner: fce1ad2b3f28286b1ab5091fe0979789618bee27
  Bolts: ac6567323eac61e203f6a9763667d0f711be34c8
  FBSDKCoreKit: 55d7f2ac45d9c4b9b6119f4e43900fe84b9b7b1b
  FBSDKLoginKit: 32ac05c2a59952c363c2e85aafa8f73ba93bcbad
  FSPagerView: 958aba39684e1573755ddcfcc29f7eebb8413cee
  GoogleMaps: f79af95cb24d869457b1f961c93d3ce8b2f3b848
  GooglePlaces: 3d06e6c99654545b4738ce49648745779c25f2ef
  GoogleSignIn: d9ef55b10f0aa401a5de2747f59b725e4b9732ac
  GoogleToolboxForMac: 2501e2ad72a52eb3dfe7bd9aee7dad11b858bd20
  GTMOAuth2: c77fe325e4acd453837e72d91e3b5f13116857b2
  GTMSessionFetcher: 5fa5b80fd20e439ef5f545fb2cb3ca6c6714caa2
  HockeySDK: 38b7e2726af1ea86ae97ce4b5de33ab0817e3500
  JTMaterialTransition: 2350b44b404d1982a7ba755866cc65da452f4eec
  SDWebImage: de4d90b5bff3571eae7bd16202b1f43135409fa5
  Spring: 3c7666eccefdeb87140008dc81043f89f8dbb787
  SVProgressHUD: 1428aafac632c1f86f62aa4243ec12008d7a51d6
  TextFieldEffects: 4ee41b5216e674d55fb6ac25107bf1af7629176f
  TTGSnackbar: a66e929fd17d662152ec0964990a86e966310edb
  TwitterCore: 644d59e75abccb26cf0a9050d2c4dea0e5412241
  TwitterKit: a2e60ddcedbf54091eac6f27685ca7a87681e1d7

PODFILE CHECKSUM: 69213005a9b96ddac04ecba6a441cce8c53811b6

COCOAPODS: 1.5.0
